
Microsoft Visual Studio Solution File, Format Version 12.00
# Visual Studio Version 16
VisualStudioVersion = 16.0.30503.244
MinimumVisualStudioVersion = 10.0.40219.1
Project("{9A19103F-16F7-4668-BE54-9A1E7A4F7556}") = "HitToMeet", "HitToMeet\HitToMeet.csproj", "{02AE0DDC-8A9D-4DC3-B354-88A1E2453BDE}"
EndProject
Project("{9A19103F-16F7-4668-BE54-9A1E7A4F7556}") = "HitToMeet.DAL", "HitToMeet.DAL\HitToMeet.DAL.csproj", "{277A88A9-4DE2-41D3-924A-D0D30D13EEB6}"
EndProject
Project("{9A19103F-16F7-4668-BE54-9A1E7A4F7556}") = "HitToMeet.Core", "HitToMeet.Core\HitToMeet.Core.csproj", "{34462AC9-CC6F-442E-8217-54DACF17FE6A}"
EndProject
Project("{9A19103F-16F7-4668-BE54-9A1E7A4F7556}") = "HitToMeet.BL", "HitToMeet.BL\HitToMeet.BL.csproj", "{AAB836E3-35E8-4970-838E-60A64C40FC5C}"
EndProject
Global
	GlobalSection(SolutionConfigurationPlatforms) = preSolution
		Debug|Any CPU = Debug|Any CPU
		Release|Any CPU = Release|Any CPU
	EndGlobalSection
	GlobalSection(ProjectConfigurationPlatforms) = postSolution
		{02AE0DDC-8A9D-4DC3-B354-88A1E2453BDE}.Debug|Any CPU.ActiveCfg = Debug|Any CPU
		{02AE0DDC-8A9D-4DC3-B354-88A1E2453BDE}.Debug|Any CPU.Build.0 = Debug|Any CPU
		{02AE0DDC-8A9D-4DC3-B354-88A1E2453BDE}.Release|Any CPU.ActiveCfg = Release|Any CPU
		{02AE0DDC-8A9D-4DC3-B354-88A1E2453BDE}.Release|Any CPU.Build.0 = Release|Any CPU
		{277A88A9-4DE2-41D3-924A-D0D30D13EEB6}.Debug|Any CPU.ActiveCfg = Debug|Any CPU
		{277A88A9-4DE2-41D3-924A-D0D30D13EEB6}.Debug|Any CPU.Build.0 = Debug|Any CPU
		{277A88A9-4DE2-41D3-924A-D0D30D13EEB6}.Release|Any CPU.ActiveCfg = Release|Any CPU
		{277A88A9-4DE2-41D3-924A-D0D30D13EEB6}.Release|Any CPU.Build.0 = Release|Any CPU
		{34462AC9-CC6F-442E-8217-54DACF17FE6A}.Debug|Any CPU.ActiveCfg = Debug|Any CPU
		{34462AC9-CC6F-442E-8217-54DACF17FE6A}.Debug|Any CPU.Build.0 = Debug|Any CPU
		{34462AC9-CC6F-442E-8217-54DACF17FE6A}.Release|Any CPU.ActiveCfg = Release|Any CPU
		{34462AC9-CC6F-442E-8217-54DACF17FE6A}.Release|Any CPU.Build.0 = Release|Any CPU
		{AAB836E3-35E8-4970-838E-60A64C40FC5C}.Debug|Any CPU.ActiveCfg = Debug|Any CPU
		{AAB836E3-35E8-4970-838E-60A64C40FC5C}.Debug|Any CPU.Build.0 = Debug|Any CPU
		{AAB836E3-35E8-4970-838E-60A64C40FC5C}.Release|Any CPU.ActiveCfg = Release|Any CPU
		{AAB836E3-35E8-4970-838E-60A64C40FC5C}.Release|Any CPU.Build.0 = Release|Any CPU
	EndGlobalSection
	GlobalSection(SolutionProperties) = preSolution
		HideSolutionNode = FALSE
	EndGlobalSection
	GlobalSection(ExtensibilityGlobals) = postSolution
		SolutionGuid = {D02E0AA8-D03B-4E43-973E-309B0E0227E9}
	EndGlobalSection
EndGlobal
